
Microsoft Visual Studio Solution File, Format Version 12.00
# Visual Studio Version 17
VisualStudioVersion = 17.9.34723.18
MinimumVisualStudioVersion = 10.0.40219.1
Project("{9A19103F-16F7-4668-BE54-9A1E7A4F7556}") = "CommonInitializer", "CommonInitializer\CommonInitializer.csproj", "{9797D570-99CC-4C5E-833A-F2C2014561A1}"
EndProject
Project("{2150E333-8FDC-42A3-9474-1A3956D46DE8}") = "Commons", "Commons", "{92F7DD86-3A2E-42B4-BA30-4AE60700A782}"
EndProject
Project("{2150E333-8FDC-42A3-9474-1A3956D46DE8}") = "FileService", "FileService", "{482B8B2D-8195-4C82-939E-3BC352A97033}"
EndProject
Project("{9A19103F-16F7-4668-BE54-9A1E7A4F7556}") = "FileService.Domain", "FileService.Domain\FileService.Domain.csproj", "{54129177-0F65-4E80-800F-6424301AF535}"
EndProject
Project("{9A19103F-16F7-4668-BE54-9A1E7A4F7556}") = "FileService.Infrastructure", "FileService.Infrastructure\FileService.Infrastructure.csproj", "{FA10DEF7-1B1D-47AB-A02E-180576D883D8}"
EndProject
Project("{9A19103F-16F7-4668-BE54-9A1E7A4F7556}") = "FileService.WebAPI", "FileService.WebAPI\FileService.WebAPI.csproj", "{292AADCA-8710-447C-A01F-50E785A320CE}"
EndProject
Project("{9A19103F-16F7-4668-BE54-9A1E7A4F7556}") = "FileService.SDK.NETCore", "FileService.SDK.NETCore\FileService.SDK.NETCore.csproj", "{0B7CE387-1B8B-4971-908F-235FB1A594B6}"
EndProject
Project("{2150E333-8FDC-42A3-9474-1A3956D46DE8}") = "IdentityService", "IdentityService", "{F6790A63-CFEF-4583-A8FC-18E71967C14E}"
EndProject
Project("{9A19103F-16F7-4668-BE54-9A1E7A4F7556}") = "IdentityService.Domain", "IdentityService.Domain\IdentityService.Domain.csproj", "{E0F6205B-DC6B-4ABF-A605-4D9C7E835CF4}"
EndProject
Project("{9A19103F-16F7-4668-BE54-9A1E7A4F7556}") = "IdentityService.Infrastructure", "IdentityService.Infrastructure\IdentityService.Infrastructure.csproj", "{1BB4BC83-5B5A-408A-8C3C-22B3B1540A21}"
EndProject
Project("{9A19103F-16F7-4668-BE54-9A1E7A4F7556}") = "IdentityService.WebAPI", "IdentityService.WebAPI\IdentityService.WebAPI.csproj", "{049D72F1-547E-4DC9-8367-0828E61BE061}"
EndProject
Project("{9A19103F-16F7-4668-BE54-9A1E7A4F7556}") = "Zack.Infrastructure", "Zack.Infrastructure\Zack.Infrastructure.csproj", "{FC61A7A7-44C1-4D68-9385-A48C62BBC102}"
EndProject
Project("{2150E333-8FDC-42A3-9474-1A3956D46DE8}") = "ListeningService", "ListeningService", "{ACDAC181-B794-4F1D-834D-A82346C42F1B}"
EndProject
Project("{9A19103F-16F7-4668-BE54-9A1E7A4F7556}") = "ListeningService.Domain", "ListeningService.Domain\ListeningService.Domain.csproj", "{C4C21178-6377-4A40-802A-6A5DFC6F0B1A}"
EndProject
Project("{9A19103F-16F7-4668-BE54-9A1E7A4F7556}") = "ListeningService.Infrastructure", "ListeningService.Infrastructure\ListeningService.Infrastructure.csproj", "{B228A3DE-BAEC-488B-8256-5B4B091AC990}"
EndProject
Project("{9A19103F-16F7-4668-BE54-9A1E7A4F7556}") = "ListeningService.Admin.WebAPI", "ListeningService.Admin.WebAPI\ListeningService.Admin.WebAPI.csproj", "{0838DA03-5184-41EE-85F9-CAA547501D67}"
EndProject
Project("{9A19103F-16F7-4668-BE54-9A1E7A4F7556}") = "ListeningService.Main.WebAPI", "ListeningService.Main.WebAPI\ListeningService.Main.WebAPI.csproj", "{94934A68-E1F2-4111-80A5-78FDAAEFD863}"
EndProject
Project("{2150E333-8FDC-42A3-9474-1A3956D46DE8}") = "MediaEncoderService", "MediaEncoderService", "{D7F6F6D6-C567-4F1C-A43D-59B27D2A97C2}"
EndProject
Project("{9A19103F-16F7-4668-BE54-9A1E7A4F7556}") = "MediaEncoderService.Domain", "MediaEncoderService.Domain\MediaEncoderService.Domain.csproj", "{3C3069A6-DBFD-49C2-9079-CCBF038EDD24}"
EndProject
Project("{9A19103F-16F7-4668-BE54-9A1E7A4F7556}") = "MediaEncoderService.Infrastructure", "MediaEncoderService.Infrastructure\MediaEncoderService.Infrastructure.csproj", "{7E724826-63A7-4FCC-A051-EB4D0CDADC00}"
EndProject
Project("{9A19103F-16F7-4668-BE54-9A1E7A4F7556}") = "MediaEncoderService.WebAPI", "MediaEncoderService.WebAPI\MediaEncoderService.WebAPI.csproj", "{F3C44D04-4887-429E-B2CD-7D53CCE03B3E}"
EndProject
Project("{2150E333-8FDC-42A3-9474-1A3956D46DE8}") = "SearchService", "SearchService", "{7E44CF00-4060-458E-9484-3D3D0DF4424F}"
EndProject
Project("{9A19103F-16F7-4668-BE54-9A1E7A4F7556}") = "SearchService.DomainService", "SearchService.DomainService\SearchService.DomainService.csproj", "{5C43CC4F-3EDF-4180-82F5-27EF1D2EBFDB}"
EndProject
Project("{9A19103F-16F7-4668-BE54-9A1E7A4F7556}") = "SearchService.Infrastructure", "SearchService.Infrastructure\SearchService.Infrastructure.csproj", "{019CA5AB-AE49-41CB-BAC5-C871607600BD}"
EndProject
Project("{9A19103F-16F7-4668-BE54-9A1E7A4F7556}") = "SearchService.WebAPI", "SearchService.WebAPI\SearchService.WebAPI.csproj", "{A02F1486-BF2E-4848-BDD2-6483D9D75C79}"
EndProject
Global
	GlobalSection(SolutionConfigurationPlatforms) = preSolution
		Debug|Any CPU = Debug|Any CPU
		Release|Any CPU = Release|Any CPU
	EndGlobalSection
	GlobalSection(ProjectConfigurationPlatforms) = postSolution
		{9797D570-99CC-4C5E-833A-F2C2014561A1}.Debug|Any CPU.ActiveCfg = Debug|Any CPU
		{9797D570-99CC-4C5E-833A-F2C2014561A1}.Debug|Any CPU.Build.0 = Debug|Any CPU
		{9797D570-99CC-4C5E-833A-F2C2014561A1}.Release|Any CPU.ActiveCfg = Release|Any CPU
		{9797D570-99CC-4C5E-833A-F2C2014561A1}.Release|Any CPU.Build.0 = Release|Any CPU
		{54129177-0F65-4E80-800F-6424301AF535}.Debug|Any CPU.ActiveCfg = Debug|Any CPU
		{54129177-0F65-4E80-800F-6424301AF535}.Debug|Any CPU.Build.0 = Debug|Any CPU
		{54129177-0F65-4E80-800F-6424301AF535}.Release|Any CPU.ActiveCfg = Release|Any CPU
		{54129177-0F65-4E80-800F-6424301AF535}.Release|Any CPU.Build.0 = Release|Any CPU
		{FA10DEF7-1B1D-47AB-A02E-180576D883D8}.Debug|Any CPU.ActiveCfg = Debug|Any CPU
		{FA10DEF7-1B1D-47AB-A02E-180576D883D8}.Debug|Any CPU.Build.0 = Debug|Any CPU
		{FA10DEF7-1B1D-47AB-A02E-180576D883D8}.Release|Any CPU.ActiveCfg = Release|Any CPU
		{FA10DEF7-1B1D-47AB-A02E-180576D883D8}.Release|Any CPU.Build.0 = Release|Any CPU
		{292AADCA-8710-447C-A01F-50E785A320CE}.Debug|Any CPU.ActiveCfg = Debug|Any CPU
		{292AADCA-8710-447C-A01F-50E785A320CE}.Debug|Any CPU.Build.0 = Debug|Any CPU
		{292AADCA-8710-447C-A01F-50E785A320CE}.Release|Any CPU.ActiveCfg = Release|Any CPU
		{292AADCA-8710-447C-A01F-50E785A320CE}.Release|Any CPU.Build.0 = Release|Any CPU
		{0B7CE387-1B8B-4971-908F-235FB1A594B6}.Debug|Any CPU.ActiveCfg = Debug|Any CPU
		{0B7CE387-1B8B-4971-908F-235FB1A594B6}.Debug|Any CPU.Build.0 = Debug|Any CPU
		{0B7CE387-1B8B-4971-908F-235FB1A594B6}.Release|Any CPU.ActiveCfg = Release|Any CPU
		{0B7CE387-1B8B-4971-908F-235FB1A594B6}.Release|Any CPU.Build.0 = Release|Any CPU
		{E0F6205B-DC6B-4ABF-A605-4D9C7E835CF4}.Debug|Any CPU.ActiveCfg = Debug|Any CPU
		{E0F6205B-DC6B-4ABF-A605-4D9C7E835CF4}.Debug|Any CPU.Build.0 = Debug|Any CPU
		{E0F6205B-DC6B-4ABF-A605-4D9C7E835CF4}.Release|Any CPU.ActiveCfg = Release|Any CPU
		{E0F6205B-DC6B-4ABF-A605-4D9C7E835CF4}.Release|Any CPU.Build.0 = Release|Any CPU
		{1BB4BC83-5B5A-408A-8C3C-22B3B1540A21}.Debug|Any CPU.ActiveCfg = Debug|Any CPU
		{1BB4BC83-5B5A-408A-8C3C-22B3B1540A21}.Debug|Any CPU.Build.0 = Debug|Any CPU
		{1BB4BC83-5B5A-408A-8C3C-22B3B1540A21}.Release|Any CPU.ActiveCfg = Release|Any CPU
		{1BB4BC83-5B5A-408A-8C3C-22B3B1540A21}.Release|Any CPU.Build.0 = Release|Any CPU
		{049D72F1-547E-4DC9-8367-0828E61BE061}.Debug|Any CPU.ActiveCfg = Debug|Any CPU
		{049D72F1-547E-4DC9-8367-0828E61BE061}.Debug|Any CPU.Build.0 = Debug|Any CPU
		{049D72F1-547E-4DC9-8367-0828E61BE061}.Release|Any CPU.ActiveCfg = Release|Any CPU
		{049D72F1-547E-4DC9-8367-0828E61BE061}.Release|Any CPU.Build.0 = Release|Any CPU
		{FC61A7A7-44C1-4D68-9385-A48C62BBC102}.Debug|Any CPU.ActiveCfg = Debug|Any CPU
		{FC61A7A7-44C1-4D68-9385-A48C62BBC102}.Debug|Any CPU.Build.0 = Debug|Any CPU
		{FC61A7A7-44C1-4D68-9385-A48C62BBC102}.Release|Any CPU.ActiveCfg = Release|Any CPU
		{FC61A7A7-44C1-4D68-9385-A48C62BBC102}.Release|Any CPU.Build.0 = Release|Any CPU
		{C4C21178-6377-4A40-802A-6A5DFC6F0B1A}.Debug|Any CPU.ActiveCfg = Debug|Any CPU
		{C4C21178-6377-4A40-802A-6A5DFC6F0B1A}.Debug|Any CPU.Build.0 = Debug|Any CPU
		{C4C21178-6377-4A40-802A-6A5DFC6F0B1A}.Release|Any CPU.ActiveCfg = Release|Any CPU
		{C4C21178-6377-4A40-802A-6A5DFC6F0B1A}.Release|Any CPU.Build.0 = Release|Any CPU
		{B228A3DE-BAEC-488B-8256-5B4B091AC990}.Debug|Any CPU.ActiveCfg = Debug|Any CPU
		{B228A3DE-BAEC-488B-8256-5B4B091AC990}.Debug|Any CPU.Build.0 = Debug|Any CPU
		{B228A3DE-BAEC-488B-8256-5B4B091AC990}.Release|Any CPU.ActiveCfg = Release|Any CPU
		{B228A3DE-BAEC-488B-8256-5B4B091AC990}.Release|Any CPU.Build.0 = Release|Any CPU
		{0838DA03-5184-41EE-85F9-CAA547501D67}.Debug|Any CPU.ActiveCfg = Debug|Any CPU
		{0838DA03-5184-41EE-85F9-CAA547501D67}.Debug|Any CPU.Build.0 = Debug|Any CPU
		{0838DA03-5184-41EE-85F9-CAA547501D67}.Release|Any CPU.ActiveCfg = Release|Any CPU
		{0838DA03-5184-41EE-85F9-CAA547501D67}.Release|Any CPU.Build.0 = Release|Any CPU
		{94934A68-E1F2-4111-80A5-78FDAAEFD863}.Debug|Any CPU.ActiveCfg = Debug|Any CPU
		{94934A68-E1F2-4111-80A5-78FDAAEFD863}.Debug|Any CPU.Build.0 = Debug|Any CPU
		{94934A68-E1F2-4111-80A5-78FDAAEFD863}.Release|Any CPU.ActiveCfg = Release|Any CPU
		{94934A68-E1F2-4111-80A5-78FDAAEFD863}.Release|Any CPU.Build.0 = Release|Any CPU
		{3C3069A6-DBFD-49C2-9079-CCBF038EDD24}.Debug|Any CPU.ActiveCfg = Debug|Any CPU
		{3C3069A6-DBFD-49C2-9079-CCBF038EDD24}.Debug|Any CPU.Build.0 = Debug|Any CPU
		{3C3069A6-DBFD-49C2-9079-CCBF038EDD24}.Release|Any CPU.ActiveCfg = Release|Any CPU
		{3C3069A6-DBFD-49C2-9079-CCBF038EDD24}.Release|Any CPU.Build.0 = Release|Any CPU
		{7E724826-63A7-4FCC-A051-EB4D0CDADC00}.Debug|Any CPU.ActiveCfg = Debug|Any CPU
		{7E724826-63A7-4FCC-A051-EB4D0CDADC00}.Debug|Any CPU.Build.0 = Debug|Any CPU
		{7E724826-63A7-4FCC-A051-EB4D0CDADC00}.Release|Any CPU.ActiveCfg = Release|Any CPU
		{7E724826-63A7-4FCC-A051-EB4D0CDADC00}.Release|Any CPU.Build.0 = Release|Any CPU
		{F3C44D04-4887-429E-B2CD-7D53CCE03B3E}.Debug|Any CPU.ActiveCfg = Debug|Any CPU
		{F3C44D04-4887-429E-B2CD-7D53CCE03B3E}.Debug|Any CPU.Build.0 = Debug|Any CPU
		{F3C44D04-4887-429E-B2CD-7D53CCE03B3E}.Release|Any CPU.ActiveCfg = Release|Any CPU
		{F3C44D04-4887-429E-B2CD-7D53CCE03B3E}.Release|Any CPU.Build.0 = Release|Any CPU
		{5C43CC4F-3EDF-4180-82F5-27EF1D2EBFDB}.Debug|Any CPU.ActiveCfg = Debug|Any CPU
		{5C43CC4F-3EDF-4180-82F5-27EF1D2EBFDB}.Debug|Any CPU.Build.0 = Debug|Any CPU
		{5C43CC4F-3EDF-4180-82F5-27EF1D2EBFDB}.Release|Any CPU.ActiveCfg = Release|Any CPU
		{5C43CC4F-3EDF-4180-82F5-27EF1D2EBFDB}.Release|Any CPU.Build.0 = Release|Any CPU
		{019CA5AB-AE49-41CB-BAC5-C871607600BD}.Debug|Any CPU.ActiveCfg = Debug|Any CPU
		{019CA5AB-AE49-41CB-BAC5-C871607600BD}.Debug|Any CPU.Build.0 = Debug|Any CPU
		{019CA5AB-AE49-41CB-BAC5-C871607600BD}.Release|Any CPU.ActiveCfg = Release|Any CPU
		{019CA5AB-AE49-41CB-BAC5-C871607600BD}.Release|Any CPU.Build.0 = Release|Any CPU
		{A02F1486-BF2E-4848-BDD2-6483D9D75C79}.Debug|Any CPU.ActiveCfg = Debug|Any CPU
		{A02F1486-BF2E-4848-BDD2-6483D9D75C79}.Debug|Any CPU.Build.0 = Debug|Any CPU
		{A02F1486-BF2E-4848-BDD2-6483D9D75C79}.Release|Any CPU.ActiveCfg = Release|Any CPU
		{A02F1486-BF2E-4848-BDD2-6483D9D75C79}.Release|Any CPU.Build.0 = Release|Any CPU
	EndGlobalSection
	GlobalSection(SolutionProperties) = preSolution
		HideSolutionNode = FALSE
	EndGlobalSection
	GlobalSection(NestedProjects) = preSolution
		{9797D570-99CC-4C5E-833A-F2C2014561A1} = {92F7DD86-3A2E-42B4-BA30-4AE60700A782}
		{54129177-0F65-4E80-800F-6424301AF535} = {482B8B2D-8195-4C82-939E-3BC352A97033}
		{FA10DEF7-1B1D-47AB-A02E-180576D883D8} = {482B8B2D-8195-4C82-939E-3BC352A97033}
		{292AADCA-8710-447C-A01F-50E785A320CE} = {482B8B2D-8195-4C82-939E-3BC352A97033}
		{0B7CE387-1B8B-4971-908F-235FB1A594B6} = {482B8B2D-8195-4C82-939E-3BC352A97033}
		{E0F6205B-DC6B-4ABF-A605-4D9C7E835CF4} = {F6790A63-CFEF-4583-A8FC-18E71967C14E}
		{1BB4BC83-5B5A-408A-8C3C-22B3B1540A21} = {F6790A63-CFEF-4583-A8FC-18E71967C14E}
		{049D72F1-547E-4DC9-8367-0828E61BE061} = {F6790A63-CFEF-4583-A8FC-18E71967C14E}
		{FC61A7A7-44C1-4D68-9385-A48C62BBC102} = {92F7DD86-3A2E-42B4-BA30-4AE60700A782}
		{C4C21178-6377-4A40-802A-6A5DFC6F0B1A} = {ACDAC181-B794-4F1D-834D-A82346C42F1B}
		{B228A3DE-BAEC-488B-8256-5B4B091AC990} = {ACDAC181-B794-4F1D-834D-A82346C42F1B}
		{0838DA03-5184-41EE-85F9-CAA547501D67} = {ACDAC181-B794-4F1D-834D-A82346C42F1B}
		{94934A68-E1F2-4111-80A5-78FDAAEFD863} = {ACDAC181-B794-4F1D-834D-A82346C42F1B}
		{3C3069A6-DBFD-49C2-9079-CCBF038EDD24} = {D7F6F6D6-C567-4F1C-A43D-59B27D2A97C2}
		{7E724826-63A7-4FCC-A051-EB4D0CDADC00} = {D7F6F6D6-C567-4F1C-A43D-59B27D2A97C2}
		{F3C44D04-4887-429E-B2CD-7D53CCE03B3E} = {D7F6F6D6-C567-4F1C-A43D-59B27D2A97C2}
		{5C43CC4F-3EDF-4180-82F5-27EF1D2EBFDB} = {7E44CF00-4060-458E-9484-3D3D0DF4424F}
		{019CA5AB-AE49-41CB-BAC5-C871607600BD} = {7E44CF00-4060-458E-9484-3D3D0DF4424F}
		{A02F1486-BF2E-4848-BDD2-6483D9D75C79} = {7E44CF00-4060-458E-9484-3D3D0DF4424F}
	EndGlobalSection
	GlobalSection(ExtensibilityGlobals) = postSolution
		SolutionGuid = {4FF9A73F-AA52-48C0-A6EC-21416758C3CD}
	EndGlobalSection
EndGlobal
